// !$*UTF8*$!
{
	archiveVersion = 1;
	classes = {
	};
	objectVersion = 50;
	objects = {

/* Begin PBXBuildFile section */
		415DC6FD2703884E00561EDD /* AppDelegate.swift in Sources */ = {isa = PBXBuildFile; fileRef = 415DC6FC2703884E00561EDD /* AppDelegate.swift */; };
		415DC6FF2703884E00561EDD /* SceneDelegate.swift in Sources */ = {isa = PBXBuildFile; fileRef = 415DC6FE2703884E00561EDD /* SceneDelegate.swift */; };
		415DC7012703884E00561EDD /* ViewController.swift in Sources */ = {isa = PBXBuildFile; fileRef = 415DC7002703884E00561EDD /* ViewController.swift */; };
		415DC7042703884E00561EDD /* Main.storyboard in Resources */ = {isa = PBXBuildFile; fileRef = 415DC7022703884E00561EDD /* Main.storyboard */; };
		415DC7072703884E00561EDD /* XOXO.xcdatamodeld in Sources */ = {isa = PBXBuildFile; fileRef = 415DC7052703884E00561EDD /* XOXO.xcdatamodeld */; };
		415DC7092703885000561EDD /* Assets.xcassets in Resources */ = {isa = PBXBuildFile; fileRef = 415DC7082703885000561EDD /* Assets.xcassets */; };
		415DC70C2703885000561EDD /* LaunchScreen.storyboard in Resources */ = {isa = PBXBuildFile; fileRef = 415DC70A2703885000561EDD /* LaunchScreen.storyboard */; };
		41DA6305270669E500F8CF77 /* ArchiveCollectionViewCell.swift in Sources */ = {isa = PBXBuildFile; fileRef = 41DA6304270669E500F8CF77 /* ArchiveCollectionViewCell.swift */; };
		41DA6307270673A900F8CF77 /* Archives.swift in Sources */ = {isa = PBXBuildFile; fileRef = 41DA6306270673A900F8CF77 /* Archives.swift */; };
		41DA630927067A6F00F8CF77 /* ArchivesViewController.swift in Sources */ = {isa = PBXBuildFile; fileRef = 41DA630827067A6F00F8CF77 /* ArchivesViewController.swift */; };
/* End PBXBuildFile section */

/* Begin PBXFileReference section */
		415DC6F92703884E00561EDD /* XOXO.app */ = {isa = PBXFileReference; explicitFileType = wrapper.application; includeInIndex = 0; path = XOXO.app; sourceTree = BUILT_PRODUCTS_DIR; };
		415DC6FC2703884E00561EDD /* AppDelegate.swift */ = {isa = PBXFileReference; lastKnownFileType = sourcecode.swift; path = AppDelegate.swift; sourceTree = "<group>"; };
		415DC6FE2703884E00561EDD /* SceneDelegate.swift */ = {isa = PBXFileReference; lastKnownFileType = sourcecode.swift; path = SceneDelegate.swift; sourceTree = "<group>"; };
		415DC7002703884E00561EDD /* ViewController.swift */ = {isa = PBXFileReference; lastKnownFileType = sourcecode.swift; path = ViewController.swift; sourceTree = "<group>"; };
		415DC7032703884E00561EDD /* Base */ = {isa = PBXFileReference; lastKnownFileType = file.storyboard; name = Base; path = Base.lproj/Main.storyboard; sourceTree = "<group>"; };
		415DC7062703884E00561EDD /* XOXO.xcdatamodel */ = {isa = PBXFileReference; lastKnownFileType = wrapper.xcdatamodel; path = XOXO.xcdatamodel; sourceTree = "<group>"; };
		415DC7082703885000561EDD /* Assets.xcassets */ = {isa = PBXFileReference; lastKnownFileType = folder.assetcatalog; path = Assets.xcassets; sourceTree = "<group>"; };
		415DC70B2703885000561EDD /* Base */ = {isa = PBXFileReference; lastKnownFileType = file.storyboard; name = Base; path = Base.lproj/LaunchScreen.storyboard; sourceTree = "<group>"; };
		415DC70D2703885000561EDD /* Info.plist */ = {isa = PBXFileReference; lastKnownFileType = text.plist.xml; path = Info.plist; sourceTree = "<group>"; };
		41DA6304270669E500F8CF77 /* ArchiveCollectionViewCell.swift */ = {isa = PBXFileReference; lastKnownFileType = sourcecode.swift; path = ArchiveCollectionViewCell.swift; sourceTree = "<group>"; };
		41DA6306270673A900F8CF77 /* Archives.swift */ = {isa = PBXFileReference; lastKnownFileType = sourcecode.swift; path = Archives.swift; sourceTree = "<group>"; };
		41DA630827067A6F00F8CF77 /* ArchivesViewController.swift */ = {isa = PBXFileReference; lastKnownFileType = sourcecode.swift; path = ArchivesViewController.swift; sourceTree = "<group>"; };
/* End PBXFileReference section */

/* Begin PBXFrameworksBuildPhase section */
		415DC6F62703884E00561EDD /* Frameworks */ = {
			isa = PBXFrameworksBuildPhase;
			buildActionMask = 2147483647;
			files = (
			);
			runOnlyForDeploymentPostprocessing = 0;
		};
/* End PBXFrameworksBuildPhase section */

/* Begin PBXGroup section */
		415DC6F02703884E00561EDD = {
			isa = PBXGroup;
			children = (
				415DC6FB2703884E00561EDD /* XOXO */,
				415DC6FA2703884E00561EDD /* Products */,
			);
			sourceTree = "<group>";
		};
		415DC6FA2703884E00561EDD /* Products */ = {
			isa = PBXGroup;
			children = (
				415DC6F92703884E00561EDD /* XOXO.app */,
			);
			name = Products;
			sourceTree = "<group>";
		};
		415DC6FB2703884E00561EDD /* XOXO */ = {
			isa = PBXGroup;
			children = (
				415DC6FC2703884E00561EDD /* AppDelegate.swift */,
				415DC6FE2703884E00561EDD /* SceneDelegate.swift */,
				415DC7002703884E00561EDD /* ViewController.swift */,
				415DC7022703884E00561EDD /* Main.storyboard */,
				415DC7082703885000561EDD /* Assets.xcassets */,
				415DC70A2703885000561EDD /* LaunchScreen.storyboard */,
				415DC70D2703885000561EDD /* Info.plist */,
				415DC7052703884E00561EDD /* XOXO.xcdatamodeld */,
				41DA6304270669E500F8CF77 /* ArchiveCollectionViewCell.swift */,
				41DA6306270673A900F8CF77 /* Archives.swift */,
				41DA630827067A6F00F8CF77 /* ArchivesViewController.swift */,
			);
			path = XOXO;
			sourceTree = "<group>";
		};
/* End PBXGroup section */

/* Begin PBXNativeTarget section */
		415DC6F82703884E00561EDD /* XOXO */ = {
			isa = PBXNativeTarget;
			buildConfigurationList = 415DC7102703885000561EDD /* Build configuration list for PBXNativeTarget "XOXO" */;
			buildPhases = (
				415DC6F52703884E00561EDD /* Sources */,
				415DC6F62703884E00561EDD /* Frameworks */,
				415DC6F72703884E00561EDD /* Resources */,
			);
			buildRules = (
			);
			dependencies = (
			);
			name = XOXO;
			productName = XOXO;
			productReference = 415DC6F92703884E00561EDD /* XOXO.app */;
			productType = "com.apple.product-type.application";
		};
/* End PBXNativeTarget section */

/* Begin PBXProject section */
		415DC6F12703884E00561EDD /* Project object */ = {
			isa = PBXProject;
			attributes = {
				LastSwiftUpdateCheck = 1250;
				LastUpgradeCheck = 1250;
				TargetAttributes = {
					415DC6F82703884E00561EDD = {
						CreatedOnToolsVersion = 12.5.1;
					};
				};
			};
			buildConfigurationList = 415DC6F42703884E00561EDD /* Build configuration list for PBXProject "XOXO" */;
			compatibilityVersion = "Xcode 9.3";
			developmentRegion = en;
			hasScannedForEncodings = 0;
			knownRegions = (
				en,
				Base,
			);
			mainGroup = 415DC6F02703884E00561EDD;
			productRefGroup = 415DC6FA2703884E00561EDD /* Products */;
			projectDirPath = "";
			projectRoot = "";
			targets = (
				415DC6F82703884E00561EDD /* XOXO */,
			);
		};
/* End PBXProject section */

/* Begin PBXResourcesBuildPhase section */
		415DC6F72703884E00561EDD /* Resources */ = {
			isa = PBXResourcesBuildPhase;
			buildActionMask = 2147483647;
			files = (
				415DC70C2703885000561EDD /* LaunchScreen.storyboard in Resources */,
				415DC7092703885000561EDD /* Assets.xcassets in Resources */,
				415DC7042703884E00561EDD /* Main.storyboard in Resources */,
			);
			runOnlyForDeploymentPostprocessing = 0;
		};
/* End PBXResourcesBuildPhase section */

/* Begin PBXSourcesBuildPhase section */
		415DC6F52703884E00561EDD /* Sources */ = {
			isa = PBXSourcesBuildPhase;
			buildActionMask = 2147483647;
			files = (
				41DA6307270673A900F8CF77 /* Archives.swift in Sources */,
				415DC7012703884E00561EDD /* ViewController.swift in Sources */,
				415DC6FD2703884E00561EDD /* AppDelegate.swift in Sources */,
				415DC6FF2703884E00561EDD /* SceneDelegate.swift in Sources */,
				41DA6305270669E500F8CF77 /* ArchiveCollectionViewCell.swift in Sources */,
				415DC7072703884E00561EDD /* XOXO.xcdatamodeld in Sources */,
				41DA630927067A6F00F8CF77 /* ArchivesViewController.swift in Sources */,
			);
			runOnlyForDeploymentPostprocessing = 0;
		};
/* End PBXSourcesBuildPhase section */

/* Begin PBXVariantGroup section */
		415DC7022703884E00561EDD /* Main.storyboard */ = {
			isa = PBXVariantGroup;
			children = (
				415DC7032703884E00561EDD /* Base */,
			);
			name = Main.storyboard;
			sourceTree = "<group>";
		};
		415DC70A2703885000561EDD /* LaunchScreen.storyboard */ = {
			isa = PBXVariantGroup;
			children = (
				415DC70B2703885000561EDD /* Base */,
			);
			name = LaunchScreen.storyboard;
			sourceTree = "<group>";
		};
/* End PBXVariantGroup section */

/* Begin XCBuildConfiguration section */
		415DC70E2703885000561EDD /* Debug */ = {
			isa = XCBuildConfiguration;
			buildSettings = {
				ALWAYS_SEARCH_USER_PATHS = NO;
				CLANG_ANALYZER_NONNULL = YES;
				CLANG_ANALYZER_NUMBER_OBJECT_CONVERSION = YES_AGGRESSIVE;
				CLANG_CXX_LANGUAGE_STANDARD = "gnu++14";
				CLANG_CXX_LIBRARY = "libc++";
				CLANG_ENABLE_MODULES = YES;
				CLANG_ENABLE_OBJC_ARC = YES;
				CLANG_ENABLE_OBJC_WEAK = YES;
				CLANG_WARN_BLOCK_CAPTURE_AUTORELEASING = YES;
				CLANG_WARN_BOOL_CONVERSION = YES;
				CLANG_WARN_COMMA = YES;
				CLANG_WARN_CONSTANT_CONVERSION = YES;
				CLANG_WARN_DEPRECATED_OBJC_IMPLEMENTATIONS = YES;
				CLANG_WARN_DIRECT_OBJC_ISA_USAGE = YES_ERROR;
				CLANG_WARN_DOCUMENTATION_COMMENTS = YES;
				CLANG_WARN_EMPTY_BODY = YES;
				CLANG_WARN_ENUM_CONVERSION = YES;
				CLANG_WARN_INFINITE_RECURSION = YES;
				CLANG_WARN_INT_CONVERSION = YES;
				CLANG_WARN_NON_LITERAL_NULL_CONVERSION = YES;
				CLANG_WARN_OBJC_IMPLICIT_RETAIN_SELF = YES;
				CLANG_WARN_OBJC_LITERAL_CONVERSION = YES;
				CLANG_WARN_OBJC_ROOT_CLASS = YES_ERROR;
				CLANG_WARN_QUOTED_INCLUDE_IN_FRAMEWORK_HEADER = YES;
				CLANG_WARN_RANGE_LOOP_ANALYSIS = YES;
				CLANG_WARN_STRICT_PROTOTYPES = YES;
				CLANG_WARN_SUSPICIOUS_MOVE = YES;
				CLANG_WARN_UNGUARDED_AVAILABILITY = YES_AGGRESSIVE;
				CLANG_WARN_UNREACHABLE_CODE = YES;
				CLANG_WARN__DUPLICATE_METHOD_MATCH = YES;
				COPY_PHASE_STRIP = NO;
				DEBUG_INFORMATION_FORMAT = dwarf;
				ENABLE_STRICT_OBJC_MSGSEND = YES;
				ENABLE_TESTABILITY = YES;
				GCC_C_LANGUAGE_STANDARD = gnu11;
				GCC_DYNAMIC_NO_PIC = NO;
				GCC_NO_COMMON_BLOCKS = YES;
				GCC_OPTIMIZATION_LEVEL = 0;
				GCC_PREPROCESSOR_DEFINITIONS = (
					"DEBUG=1",
					"$(inherited)",
				);
				GCC_WARN_64_TO_32_BIT_CONVERSION = YES;
				GCC_WARN_ABOUT_RETURN_TYPE = YES_ERROR;
				GCC_WARN_UNDECLARED_SELECTOR = YES;
				GCC_WARN_UNINITIALIZED_AUTOS = YES_AGGRESSIVE;
				GCC_WARN_UNUSED_FUNCTION = YES;
				GCC_WARN_UNUSED_VARIABLE = YES;
				IPHONEOS_DEPLOYMENT_TARGET = 14.5;
				MTL_ENABLE_DEBUG_INFO = INCLUDE_SOURCE;
				MTL_FAST_MATH = YES;
				ONLY_ACTIVE_ARCH = YES;
				SDKROOT = iphoneos;
				SWIFT_ACTIVE_COMPILATION_CONDITIONS = DEBUG;
				SWIFT_OPTIMIZATION_LEVEL = "-Onone";
			};
			name = Debug;
		};
		415DC70F2703885000561EDD /* Release */ = {
			isa = XCBuildConfiguration;
			buildSettings = {
				ALWAYS_SEARCH_USER_PATHS = NO;
				CLANG_ANALYZER_NONNULL = YES;
				CLANG_ANALYZER_NUMBER_OBJECT_CONVERSION = YES_AGGRESSIVE;
				CLANG_CXX_LANGUAGE_STANDARD = "gnu++14";
				CLANG_CXX_LIBRARY = "libc++";
				CLANG_ENABLE_MODULES = YES;
				CLANG_ENABLE_OBJC_ARC = YES;
				CLANG_ENABLE_OBJC_WEAK = YES;
				CLANG_WARN_BLOCK_CAPTURE_AUTORELEASING = YES;
				CLANG_WARN_BOOL_CONVERSION = YES;
				CLANG_WARN_COMMA = YES;
				CLANG_WARN_CONSTANT_CONVERSION = YES;
				CLANG_WARN_DEPRECATED_OBJC_IMPLEMENTATIONS = YES;
				CLANG_WARN_DIRECT_OBJC_ISA_USAGE = YES_ERROR;
				CLANG_WARN_DOCUMENTATION_COMMENTS = YES;
				CLANG_WARN_EMPTY_BODY = YES;
				CLANG_WARN_ENUM_CONVERSION = YES;
				CLANG_WARN_INFINITE_RECURSION = YES;
				CLANG_WARN_INT_CONVERSION = YES;
				CLANG_WARN_NON_LITERAL_NULL_CONVERSION = YES;
				CLANG_WARN_OBJC_IMPLICIT_RETAIN_SELF = YES;
				CLANG_WARN_OBJC_LITERAL_CONVERSION = YES;
				CLANG_WARN_OBJC_ROOT_CLASS = YES_ERROR;
				CLANG_WARN_QUOTED_INCLUDE_IN_FRAMEWORK_HEADER = YES;
				CLANG_WARN_RANGE_LOOP_ANALYSIS = YES;
				CLANG_WARN_STRICT_PROTOTYPES = YES;
				CLANG_WARN_SUSPICIOUS_MOVE = YES;
				CLANG_WARN_UNGUARDED_AVAILABILITY = YES_AGGRESSIVE;
				CLANG_WARN_UNREACHABLE_CODE = YES;
				CLANG_WARN__DUPLICATE_METHOD_MATCH = YES;
				COPY_PHASE_STRIP = NO;
				DEBUG_INFORMATION_FORMAT = "dwarf-with-dsym";
				ENABLE_NS_ASSERTIONS = NO;
				ENABLE_STRICT_OBJC_MSGSEND = YES;
				GCC_C_LANGUAGE_STANDARD = gnu11;
				GCC_NO_COMMON_BLOCKS = YES;
				GCC_WARN_64_TO_32_BIT_CONVERSION = YES;
				GCC_WARN_ABOUT_RETURN_TYPE = YES_ERROR;
				GCC_WARN_UNDECLARED_SELECTOR = YES;
				GCC_WARN_UNINITIALIZED_AUTOS = YES_AGGRESSIVE;
				GCC_WARN_UNUSED_FUNCTION = YES;
				GCC_WARN_UNUSED_VARIABLE = YES;
				IPHONEOS_DEPLOYMENT_TARGET = 14.5;
				MTL_ENABLE_DEBUG_INFO = NO;
				MTL_FAST_MATH = YES;
				SDKROOT = iphoneos;
				SWIFT_COMPILATION_MODE = wholemodule;
				SWIFT_OPTIMIZATION_LEVEL = "-O";
				VALIDATE_PRODUCT = YES;
			};
			name = Release;
		};
		415DC7112703885000561EDD /* Debug */ = {
			isa = XCBuildConfiguration;
			buildSettings = {
				ASSETCATALOG_COMPILER_APPICON_NAME = AppIcon;
				ASSETCATALOG_COMPILER_GLOBAL_ACCENT_COLOR_NAME = AccentColor;
				CODE_SIGN_STYLE = Automatic;
				DEVELOPMENT_TEAM = U77829B9P3;
				INFOPLIST_FILE = XOXO/Info.plist;
				LD_RUNPATH_SEARCH_PATHS = (
					"$(inherited)",
					"@executable_path/Frameworks",
				);
				PRODUCT_BUNDLE_IDENTIFIER = br.com.daneonishi.XOXO;
				PRODUCT_NAME = "$(TARGET_NAME)";
				SWIFT_VERSION = 5.0;
				TARGETED_DEVICE_FAMILY = "1,2";
			};
			name = Debug;
		};
		415DC7122703885000561EDD /* Release */ = {
			isa = XCBuildConfiguration;
			buildSettings = {
				ASSETCATALOG_COMPILER_APPICON_NAME = AppIcon;
				ASSETCATALOG_COMPILER_GLOBAL_ACCENT_COLOR_NAME = AccentColor;
				CODE_SIGN_STYLE = Automatic;
				DEVELOPMENT_TEAM = U77829B9P3;
				INFOPLIST_FILE = XOXO/Info.plist;
				LD_RUNPATH_SEARCH_PATHS = (
					"$(inherited)",
					"@executable_path/Frameworks",
				);
				PRODUCT_BUNDLE_IDENTIFIER = br.com.daneonishi.XOXO;
				PRODUCT_NAME = "$(TARGET_NAME)";
				SWIFT_VERSION = 5.0;
				TARGETED_DEVICE_FAMILY = "1,2";
			};
			name = Release;
		};
/* End XCBuildConfiguration section */

/* Begin XCConfigurationList section */
		415DC6F42703884E00561EDD /* Build configuration list for PBXProject "XOXO" */ = {
			isa = XCConfigurationList;
			buildConfigurations = (
				415DC70E2703885000561EDD /* Debug */,
				415DC70F2703885000561EDD /* Release */,
			);
			defaultConfigurationIsVisible = 0;
			defaultConfigurationName = Release;
		};
		415DC7102703885000561EDD /* Build configuration list for PBXNativeTarget "XOXO" */ = {
			isa = XCConfigurationList;
			buildConfigurations = (
				415DC7112703885000561EDD /* Debug */,
				415DC7122703885000561EDD /* Release */,
			);
			defaultConfigurationIsVisible = 0;
			defaultConfigurationName = Release;
		};
/* End XCConfigurationList section */

/* Begin XCVersionGroup section */
		415DC7052703884E00561EDD /* XOXO.xcdatamodeld */ = {
			isa = XCVersionGroup;
			children = (
				415DC7062703884E00561EDD /* XOXO.xcdatamodel */,
			);
			currentVersion = 415DC7062703884E00561EDD /* XOXO.xcdatamodel */;
			path = XOXO.xcdatamodeld;
			sourceTree = "<group>";
			versionGroupType = wrapper.xcdatamodel;
		};
/* End XCVersionGroup section */
	};
	rootObject = 415DC6F12703884E00561EDD /* Project object */;
}
